
Microsoft Visual Studio Solution File, Format Version 12.00
# Visual Studio 2012
Project("{888888A0-9F3D-457C-B088-3A5042F75D52}") = "STP-Core", "STP-Core\STP-Core.pyproj", "{397494A0-035B-4AD0-996A-2799FB86DFCF}"
EndProject
Global
	GlobalSection(SolutionConfigurationPlatforms) = preSolution
		Debug|Any CPU = Debug|Any CPU
		Release|Any CPU = Release|Any CPU
	EndGlobalSection
	GlobalSection(ProjectConfigurationPlatforms) = postSolution
		{397494A0-035B-4AD0-996A-2799FB86DFCF}.Debug|Any CPU.ActiveCfg = Debug|Any CPU
		{397494A0-035B-4AD0-996A-2799FB86DFCF}.Release|Any CPU.ActiveCfg = Release|Any CPU
	EndGlobalSection
	GlobalSection(SolutionProperties) = preSolution
		HideSolutionNode = FALSE
	EndGlobalSection
EndGlobal
